
Microsoft Visual Studio Solution File, Format Version 12.00
# Visual Studio Version 17
VisualStudioVersion = 17.6.33712.159
MinimumVisualStudioVersion = 10.0.40219.1
Project("{9A19103F-16F7-4668-BE54-9A1E7A4F7556}") = "Sdcb.LibRaw", "Sdcb.LibRaw\Sdcb.LibRaw.csproj", "{5EC65351-3E87-40F6-882C-DD1457F8EF41}"
EndProject
Project("{2150E333-8FDC-42A3-9474-1A3956D46DE8}") = "docs", "docs", "{3B7258DA-C020-466A-AD54-55AFFF90018B}"
	ProjectSection(SolutionItems) = preProject
		docs\c-api-mapping-table.md = docs\c-api-mapping-table.md
		docs\c-api-mapping.md = docs\c-api-mapping.md
	EndProjectSection
EndProject
Project("{2150E333-8FDC-42A3-9474-1A3956D46DE8}") = "解决方案项", "解决方案项", "{ACCAD6B8-EF02-454D-B982-97C4FD16837E}"
	ProjectSection(SolutionItems) = preProject
		.gitignore = .gitignore
		readme.md = readme.md
		testEnvironments.json = testEnvironments.json
	EndProjectSection
EndProject
Project("{2150E333-8FDC-42A3-9474-1A3956D46DE8}") = "build", "build", "{39A9EC01-3823-49BC-B52C-2927BECCB4BC}"
	ProjectSection(SolutionItems) = preProject
		build\00-common.linq = build\00-common.linq
		build\01-build-native.linq = build\01-build-native.linq
		build\02-build-packages.linq = build\02-build-packages.linq
		build\03-publish-proget-nuget.linq = build\03-publish-proget-nuget.linq
	EndProjectSection
EndProject
Project("{9A19103F-16F7-4668-BE54-9A1E7A4F7556}") = "Sdcb.LibRaw.UnitTests", "Sdcb.LibRaw.UnitTests\Sdcb.LibRaw.UnitTests.csproj", "{4DCC373E-82D8-42EB-B08C-206C75385BE3}"
EndProject
Global
	GlobalSection(SolutionConfigurationPlatforms) = preSolution
		Debug|Any CPU = Debug|Any CPU
		Release|Any CPU = Release|Any CPU
	EndGlobalSection
	GlobalSection(ProjectConfigurationPlatforms) = postSolution
		{5EC65351-3E87-40F6-882C-DD1457F8EF41}.Debug|Any CPU.ActiveCfg = Debug|Any CPU
		{5EC65351-3E87-40F6-882C-DD1457F8EF41}.Debug|Any CPU.Build.0 = Debug|Any CPU
		{5EC65351-3E87-40F6-882C-DD1457F8EF41}.Release|Any CPU.ActiveCfg = Release|Any CPU
		{5EC65351-3E87-40F6-882C-DD1457F8EF41}.Release|Any CPU.Build.0 = Release|Any CPU
		{4DCC373E-82D8-42EB-B08C-206C75385BE3}.Debug|Any CPU.ActiveCfg = Debug|Any CPU
		{4DCC373E-82D8-42EB-B08C-206C75385BE3}.Debug|Any CPU.Build.0 = Debug|Any CPU
		{4DCC373E-82D8-42EB-B08C-206C75385BE3}.Release|Any CPU.ActiveCfg = Release|Any CPU
		{4DCC373E-82D8-42EB-B08C-206C75385BE3}.Release|Any CPU.Build.0 = Release|Any CPU
	EndGlobalSection
	GlobalSection(SolutionProperties) = preSolution
		HideSolutionNode = FALSE
	EndGlobalSection
	GlobalSection(ExtensibilityGlobals) = postSolution
		SolutionGuid = {DC3E07B6-5C22-4F69-89AD-4C7ADD4B7B5A}
	EndGlobalSection
EndGlobal
